
Microsoft Visual Studio Solution File, Format Version 12.00
# Visual Studio Version 17
VisualStudioVersion = 17.2.32526.322
MinimumVisualStudioVersion = 10.0.40219.1
Project("{2150E333-8FDC-42A3-9474-1A3956D46DE8}") = "1 Dynamics", "1 Dynamics", "{D495E111-3CE6-4342-A519-80DF3C6DC47C}"
EndProject
Project("{2150E333-8FDC-42A3-9474-1A3956D46DE8}") = "2 Software Helpers", "2 Software Helpers", "{3A903CEF-C972-48F0-BC0D-132EFAC3A61B}"
EndProject
Project("{2150E333-8FDC-42A3-9474-1A3956D46DE8}") = "Abaqus", "Abaqus", "{F07932D4-B093-4F84-BD16-EE23C568C35E}"
EndProject
Project("{2150E333-8FDC-42A3-9474-1A3956D46DE8}") = "DynamicPro", "DynamicPro", "{04C4A20F-F693-4967-929C-062648C7518C}"
EndProject
Project("{2150E333-8FDC-42A3-9474-1A3956D46DE8}") = "SNAP", "SNAP", "{ED6C30A3-C47E-4427-9AEF-0BA38572AE6B}"
EndProject
Project("{2150E333-8FDC-42A3-9474-1A3956D46DE8}") = "SS7", "SS7", "{18F4B31B-C1B8-4A5C-83F5-5162FF4EBC43}"
EndProject
Project("{888888A0-9F3D-457C-B088-3A5042F75D52}") = "DrawTripertiteFromCsv", "DrawTripertiteFromCsv\DrawTripertiteFromCsv.pyproj", "{06BC5F5F-36AA-402E-ACBA-13B991DCA56E}"
EndProject
Project("{9A19103F-16F7-4668-BE54-9A1E7A4F7556}") = "RainflowCycleCounting", "RainflowCycleCounting\RainflowCycleCounting.csproj", "{D554E3E7-31FC-49F8-80EA-5F5BC90C506E}"
EndProject
Project("{9A19103F-16F7-4668-BE54-9A1E7A4F7556}") = "RDTechnique", "RDTechnique\RDTechnique.csproj", "{BFB49B13-243A-4030-A6F8-E8F6ED69D1CA}"
EndProject
Project("{9A19103F-16F7-4668-BE54-9A1E7A4F7556}") = "TimeHistoryResponseAnalysis", "TimeHistoryResponseAnalysis\TimeHistoryResponseAnalysis.csproj", "{B888B2BB-AE2C-49C1-A30F-DA9E5B64F794}"
EndProject
Project("{9A19103F-16F7-4668-BE54-9A1E7A4F7556}") = "CreateAccFromCsv", "CreateAccFromCsv\CreateAccFromCsv.csproj", "{B295FD9C-6599-4CC4-8933-B036EE87BB59}"
EndProject
Project("{2150E333-8FDC-42A3-9474-1A3956D46DE8}") = "0 Util", "0 Util", "{CAB649E1-8298-4A3D-B51B-B5AFC4C65F3D}"
EndProject
Project("{9A19103F-16F7-4668-BE54-9A1E7A4F7556}") = "Aki32 Utilities", "GitSubmodules\aki32-utilities\Aki32 Utilities\Aki32 Utilities.csproj", "{36CA529A-8AFE-4F36-A06D-354F466C6FCE}"
EndProject
Global
	GlobalSection(SolutionConfigurationPlatforms) = preSolution
		Debug|Any CPU = Debug|Any CPU
		Release|Any CPU = Release|Any CPU
	EndGlobalSection
	GlobalSection(ProjectConfigurationPlatforms) = postSolution
		{06BC5F5F-36AA-402E-ACBA-13B991DCA56E}.Debug|Any CPU.ActiveCfg = Debug|Any CPU
		{06BC5F5F-36AA-402E-ACBA-13B991DCA56E}.Release|Any CPU.ActiveCfg = Release|Any CPU
		{D554E3E7-31FC-49F8-80EA-5F5BC90C506E}.Debug|Any CPU.ActiveCfg = Debug|Any CPU
		{D554E3E7-31FC-49F8-80EA-5F5BC90C506E}.Debug|Any CPU.Build.0 = Debug|Any CPU
		{D554E3E7-31FC-49F8-80EA-5F5BC90C506E}.Release|Any CPU.ActiveCfg = Release|Any CPU
		{D554E3E7-31FC-49F8-80EA-5F5BC90C506E}.Release|Any CPU.Build.0 = Release|Any CPU
		{BFB49B13-243A-4030-A6F8-E8F6ED69D1CA}.Debug|Any CPU.ActiveCfg = Debug|Any CPU
		{BFB49B13-243A-4030-A6F8-E8F6ED69D1CA}.Debug|Any CPU.Build.0 = Debug|Any CPU
		{BFB49B13-243A-4030-A6F8-E8F6ED69D1CA}.Release|Any CPU.ActiveCfg = Release|Any CPU
		{BFB49B13-243A-4030-A6F8-E8F6ED69D1CA}.Release|Any CPU.Build.0 = Release|Any CPU
		{B888B2BB-AE2C-49C1-A30F-DA9E5B64F794}.Debug|Any CPU.ActiveCfg = Debug|Any CPU
		{B888B2BB-AE2C-49C1-A30F-DA9E5B64F794}.Debug|Any CPU.Build.0 = Debug|Any CPU
		{B888B2BB-AE2C-49C1-A30F-DA9E5B64F794}.Release|Any CPU.ActiveCfg = Release|Any CPU
		{B888B2BB-AE2C-49C1-A30F-DA9E5B64F794}.Release|Any CPU.Build.0 = Release|Any CPU
		{B295FD9C-6599-4CC4-8933-B036EE87BB59}.Debug|Any CPU.ActiveCfg = Debug|Any CPU
		{B295FD9C-6599-4CC4-8933-B036EE87BB59}.Debug|Any CPU.Build.0 = Debug|Any CPU
		{B295FD9C-6599-4CC4-8933-B036EE87BB59}.Release|Any CPU.ActiveCfg = Release|Any CPU
		{B295FD9C-6599-4CC4-8933-B036EE87BB59}.Release|Any CPU.Build.0 = Release|Any CPU
		{36CA529A-8AFE-4F36-A06D-354F466C6FCE}.Debug|Any CPU.ActiveCfg = Debug|Any CPU
		{36CA529A-8AFE-4F36-A06D-354F466C6FCE}.Debug|Any CPU.Build.0 = Debug|Any CPU
		{36CA529A-8AFE-4F36-A06D-354F466C6FCE}.Release|Any CPU.ActiveCfg = Release|Any CPU
		{36CA529A-8AFE-4F36-A06D-354F466C6FCE}.Release|Any CPU.Build.0 = Release|Any CPU
	EndGlobalSection
	GlobalSection(SolutionProperties) = preSolution
		HideSolutionNode = FALSE
	EndGlobalSection
	GlobalSection(NestedProjects) = preSolution
		{F07932D4-B093-4F84-BD16-EE23C568C35E} = {3A903CEF-C972-48F0-BC0D-132EFAC3A61B}
		{04C4A20F-F693-4967-929C-062648C7518C} = {3A903CEF-C972-48F0-BC0D-132EFAC3A61B}
		{ED6C30A3-C47E-4427-9AEF-0BA38572AE6B} = {3A903CEF-C972-48F0-BC0D-132EFAC3A61B}
		{18F4B31B-C1B8-4A5C-83F5-5162FF4EBC43} = {3A903CEF-C972-48F0-BC0D-132EFAC3A61B}
		{06BC5F5F-36AA-402E-ACBA-13B991DCA56E} = {D495E111-3CE6-4342-A519-80DF3C6DC47C}
		{D554E3E7-31FC-49F8-80EA-5F5BC90C506E} = {D495E111-3CE6-4342-A519-80DF3C6DC47C}
		{BFB49B13-243A-4030-A6F8-E8F6ED69D1CA} = {D495E111-3CE6-4342-A519-80DF3C6DC47C}
		{B888B2BB-AE2C-49C1-A30F-DA9E5B64F794} = {D495E111-3CE6-4342-A519-80DF3C6DC47C}
		{B295FD9C-6599-4CC4-8933-B036EE87BB59} = {04C4A20F-F693-4967-929C-062648C7518C}
		{36CA529A-8AFE-4F36-A06D-354F466C6FCE} = {CAB649E1-8298-4A3D-B51B-B5AFC4C65F3D}
	EndGlobalSection
	GlobalSection(ExtensibilityGlobals) = postSolution
		SolutionGuid = {7D1190A5-5349-4C0F-938E-7646F4CC86C3}
	EndGlobalSection
EndGlobal
