
Microsoft Visual Studio Solution File, Format Version 12.00
# Visual Studio Version 17
VisualStudioVersion = 17.2.32519.379
MinimumVisualStudioVersion = 10.0.40219.1
Project("{9A19103F-16F7-4668-BE54-9A1E7A4F7556}") = "RDTechnique", "RDTechnique.csproj", "{ED937CDE-45AF-4CDF-99AD-DC0A78BE8D86}"
EndProject
Global
	GlobalSection(SolutionConfigurationPlatforms) = preSolution
		Debug|Any CPU = Debug|Any CPU
		Release|Any CPU = Release|Any CPU
	EndGlobalSection
	GlobalSection(ProjectConfigurationPlatforms) = postSolution
		{ED937CDE-45AF-4CDF-99AD-DC0A78BE8D86}.Debug|Any CPU.ActiveCfg = Debug|Any CPU
		{ED937CDE-45AF-4CDF-99AD-DC0A78BE8D86}.Debug|Any CPU.Build.0 = Debug|Any CPU
		{ED937CDE-45AF-4CDF-99AD-DC0A78BE8D86}.Release|Any CPU.ActiveCfg = Release|Any CPU
		{ED937CDE-45AF-4CDF-99AD-DC0A78BE8D86}.Release|Any CPU.Build.0 = Release|Any CPU
	EndGlobalSection
	GlobalSection(SolutionProperties) = preSolution
		HideSolutionNode = FALSE
	EndGlobalSection
	GlobalSection(ExtensibilityGlobals) = postSolution
		SolutionGuid = {F602BE6D-A5DB-4D21-A02B-44BA32346CD8}
	EndGlobalSection
EndGlobal
